
Microsoft Visual Studio Solution File, Format Version 12.00
# Visual Studio Version 17
VisualStudioVersion = 17.0.31903.59
MinimumVisualStudioVersion = 10.0.40219.1
Project("{2150E333-8FDC-42A3-9474-1A3956D46DE8}") = "src", "src", "{827E0CD3-B72D-47B6-A68D-7590B98EB39B}"
EndProject
Project("{FAE04EC0-301F-11D3-BF4B-00C04F79EFBC}") = "ColorGrader.App", "src\ColorGrader.App\ColorGrader.App.csproj", "{8B002779-CF7F-4FF4-B858-B6A669D94076}"
EndProject
Project("{FAE04EC0-301F-11D3-BF4B-00C04F79EFBC}") = "ColorGrader.Core", "src\ColorGrader.Core\ColorGrader.Core.csproj", "{75AE2904-0E77-40F4-B065-F040191DDB57}"
EndProject
Project("{FAE04EC0-301F-11D3-BF4B-00C04F79EFBC}") = "ColorGrader.Application", "src\ColorGrader.Application\ColorGrader.Application.csproj", "{FA022FAA-DDDA-41EA-B28E-5BFF92C509E7}"
EndProject
Project("{FAE04EC0-301F-11D3-BF4B-00C04F79EFBC}") = "ColorGrader.Infrastructure", "src\ColorGrader.Infrastructure\ColorGrader.Infrastructure.csproj", "{FB681702-6AE1-4CCB-A049-F6604B781726}"
EndProject
Project("{FAE04EC0-301F-11D3-BF4B-00C04F79EFBC}") = "ColorGrader.Imaging", "src\ColorGrader.Imaging\ColorGrader.Imaging.csproj", "{6AB2B97E-5605-4A11-A95C-B865C703A215}"
EndProject
Project("{FAE04EC0-301F-11D3-BF4B-00C04F79EFBC}") = "ColorGrader.AI", "src\ColorGrader.AI\ColorGrader.AI.csproj", "{2D1DEDEA-0C76-4083-A16D-D57A9F05E28D}"
EndProject
Project("{FAE04EC0-301F-11D3-BF4B-00C04F79EFBC}") = "ColorGrader.Tests", "tests\ColorGrader.Tests\ColorGrader.Tests.csproj", "{6310910A-80CD-4306-A1CF-449D3F4EF7A6}"
EndProject
Global
	GlobalSection(SolutionConfigurationPlatforms) = preSolution
		Debug|Any CPU = Debug|Any CPU
		Debug|x64 = Debug|x64
		Debug|x86 = Debug|x86
		Release|Any CPU = Release|Any CPU
		Release|x64 = Release|x64
		Release|x86 = Release|x86
	EndGlobalSection
	GlobalSection(ProjectConfigurationPlatforms) = postSolution
		{8B002779-CF7F-4FF4-B858-B6A669D94076}.Debug|Any CPU.ActiveCfg = Debug|Any CPU
		{8B002779-CF7F-4FF4-B858-B6A669D94076}.Debug|Any CPU.Build.0 = Debug|Any CPU
		{8B002779-CF7F-4FF4-B858-B6A669D94076}.Debug|x64.ActiveCfg = Debug|Any CPU
		{8B002779-CF7F-4FF4-B858-B6A669D94076}.Debug|x64.Build.0 = Debug|Any CPU
		{8B002779-CF7F-4FF4-B858-B6A669D94076}.Debug|x86.ActiveCfg = Debug|Any CPU
		{8B002779-CF7F-4FF4-B858-B6A669D94076}.Debug|x86.Build.0 = Debug|Any CPU
		{8B002779-CF7F-4FF4-B858-B6A669D94076}.Release|Any CPU.ActiveCfg = Release|Any CPU
		{8B002779-CF7F-4FF4-B858-B6A669D94076}.Release|Any CPU.Build.0 = Release|Any CPU
		{8B002779-CF7F-4FF4-B858-B6A669D94076}.Release|x64.ActiveCfg = Release|Any CPU
		{8B002779-CF7F-4FF4-B858-B6A669D94076}.Release|x64.Build.0 = Release|Any CPU
		{8B002779-CF7F-4FF4-B858-B6A669D94076}.Release|x86.ActiveCfg = Release|Any CPU
		{8B002779-CF7F-4FF4-B858-B6A669D94076}.Release|x86.Build.0 = Release|Any CPU
		{75AE2904-0E77-40F4-B065-F040191DDB57}.Debug|Any CPU.ActiveCfg = Debug|Any CPU
		{75AE2904-0E77-40F4-B065-F040191DDB57}.Debug|Any CPU.Build.0 = Debug|Any CPU
		{75AE2904-0E77-40F4-B065-F040191DDB57}.Debug|x64.ActiveCfg = Debug|Any CPU
		{75AE2904-0E77-40F4-B065-F040191DDB57}.Debug|x64.Build.0 = Debug|Any CPU
		{75AE2904-0E77-40F4-B065-F040191DDB57}.Debug|x86.ActiveCfg = Debug|Any CPU
		{75AE2904-0E77-40F4-B065-F040191DDB57}.Debug|x86.Build.0 = Debug|Any CPU
		{75AE2904-0E77-40F4-B065-F040191DDB57}.Release|Any CPU.ActiveCfg = Release|Any CPU
		{75AE2904-0E77-40F4-B065-F040191DDB57}.Release|Any CPU.Build.0 = Release|Any CPU
		{75AE2904-0E77-40F4-B065-F040191DDB57}.Release|x64.ActiveCfg = Release|Any CPU
		{75AE2904-0E77-40F4-B065-F040191DDB57}.Release|x64.Build.0 = Release|Any CPU
		{75AE2904-0E77-40F4-B065-F040191DDB57}.Release|x86.ActiveCfg = Release|Any CPU
		{75AE2904-0E77-40F4-B065-F040191DDB57}.Release|x86.Build.0 = Release|Any CPU
		{FA022FAA-DDDA-41EA-B28E-5BFF92C509E7}.Debug|Any CPU.ActiveCfg = Debug|Any CPU
		{FA022FAA-DDDA-41EA-B28E-5BFF92C509E7}.Debug|Any CPU.Build.0 = Debug|Any CPU
		{FA022FAA-DDDA-41EA-B28E-5BFF92C509E7}.Debug|x64.ActiveCfg = Debug|Any CPU
		{FA022FAA-DDDA-41EA-B28E-5BFF92C509E7}.Debug|x64.Build.0 = Debug|Any CPU
		{FA022FAA-DDDA-41EA-B28E-5BFF92C509E7}.Debug|x86.ActiveCfg = Debug|Any CPU
		{FA022FAA-DDDA-41EA-B28E-5BFF92C509E7}.Debug|x86.Build.0 = Debug|Any CPU
		{FA022FAA-DDDA-41EA-B28E-5BFF92C509E7}.Release|Any CPU.ActiveCfg = Release|Any CPU
		{FA022FAA-DDDA-41EA-B28E-5BFF92C509E7}.Release|Any CPU.Build.0 = Release|Any CPU
		{FA022FAA-DDDA-41EA-B28E-5BFF92C509E7}.Release|x64.ActiveCfg = Release|Any CPU
		{FA022FAA-DDDA-41EA-B28E-5BFF92C509E7}.Release|x64.Build.0 = Release|Any CPU
		{FA022FAA-DDDA-41EA-B28E-5BFF92C509E7}.Release|x86.ActiveCfg = Release|Any CPU
		{FA022FAA-DDDA-41EA-B28E-5BFF92C509E7}.Release|x86.Build.0 = Release|Any CPU
		{FB681702-6AE1-4CCB-A049-F6604B781726}.Debug|Any CPU.ActiveCfg = Debug|Any CPU
		{FB681702-6AE1-4CCB-A049-F6604B781726}.Debug|Any CPU.Build.0 = Debug|Any CPU
		{FB681702-6AE1-4CCB-A049-F6604B781726}.Debug|x64.ActiveCfg = Debug|Any CPU
		{FB681702-6AE1-4CCB-A049-F6604B781726}.Debug|x64.Build.0 = Debug|Any CPU
		{FB681702-6AE1-4CCB-A049-F6604B781726}.Debug|x86.ActiveCfg = Debug|Any CPU
		{FB681702-6AE1-4CCB-A049-F6604B781726}.Debug|x86.Build.0 = Debug|Any CPU
		{FB681702-6AE1-4CCB-A049-F6604B781726}.Release|Any CPU.ActiveCfg = Release|Any CPU
		{FB681702-6AE1-4CCB-A049-F6604B781726}.Release|Any CPU.Build.0 = Release|Any CPU
		{FB681702-6AE1-4CCB-A049-F6604B781726}.Release|x64.ActiveCfg = Release|Any CPU
		{FB681702-6AE1-4CCB-A049-F6604B781726}.Release|x64.Build.0 = Release|Any CPU
		{FB681702-6AE1-4CCB-A049-F6604B781726}.Release|x86.ActiveCfg = Release|Any CPU
		{FB681702-6AE1-4CCB-A049-F6604B781726}.Release|x86.Build.0 = Release|Any CPU
		{6AB2B97E-5605-4A11-A95C-B865C703A215}.Debug|Any CPU.ActiveCfg = Debug|Any CPU
		{6AB2B97E-5605-4A11-A95C-B865C703A215}.Debug|Any CPU.Build.0 = Debug|Any CPU
		{6AB2B97E-5605-4A11-A95C-B865C703A215}.Debug|x64.ActiveCfg = Debug|Any CPU
		{6AB2B97E-5605-4A11-A95C-B865C703A215}.Debug|x64.Build.0 = Debug|Any CPU
		{6AB2B97E-5605-4A11-A95C-B865C703A215}.Debug|x86.ActiveCfg = Debug|Any CPU
		{6AB2B97E-5605-4A11-A95C-B865C703A215}.Debug|x86.Build.0 = Debug|Any CPU
		{6AB2B97E-5605-4A11-A95C-B865C703A215}.Release|Any CPU.ActiveCfg = Release|Any CPU
		{6AB2B97E-5605-4A11-A95C-B865C703A215}.Release|Any CPU.Build.0 = Release|Any CPU
		{6AB2B97E-5605-4A11-A95C-B865C703A215}.Release|x64.ActiveCfg = Release|Any CPU
		{6AB2B97E-5605-4A11-A95C-B865C703A215}.Release|x64.Build.0 = Release|Any CPU
		{6AB2B97E-5605-4A11-A95C-B865C703A215}.Release|x86.ActiveCfg = Release|Any CPU
		{6AB2B97E-5605-4A11-A95C-B865C703A215}.Release|x86.Build.0 = Release|Any CPU
		{2D1DEDEA-0C76-4083-A16D-D57A9F05E28D}.Debug|Any CPU.ActiveCfg = Debug|Any CPU
		{2D1DEDEA-0C76-4083-A16D-D57A9F05E28D}.Debug|Any CPU.Build.0 = Debug|Any CPU
		{2D1DEDEA-0C76-4083-A16D-D57A9F05E28D}.Debug|x64.ActiveCfg = Debug|Any CPU
		{2D1DEDEA-0C76-4083-A16D-D57A9F05E28D}.Debug|x64.Build.0 = Debug|Any CPU
		{2D1DEDEA-0C76-4083-A16D-D57A9F05E28D}.Debug|x86.ActiveCfg = Debug|Any CPU
		{2D1DEDEA-0C76-4083-A16D-D57A9F05E28D}.Debug|x86.Build.0 = Debug|Any CPU
		{2D1DEDEA-0C76-4083-A16D-D57A9F05E28D}.Release|Any CPU.ActiveCfg = Release|Any CPU
		{2D1DEDEA-0C76-4083-A16D-D57A9F05E28D}.Release|Any CPU.Build.0 = Release|Any CPU
		{2D1DEDEA-0C76-4083-A16D-D57A9F05E28D}.Release|x64.ActiveCfg = Release|Any CPU
		{2D1DEDEA-0C76-4083-A16D-D57A9F05E28D}.Release|x64.Build.0 = Release|Any CPU
		{2D1DEDEA-0C76-4083-A16D-D57A9F05E28D}.Release|x86.ActiveCfg = Release|Any CPU
		{2D1DEDEA-0C76-4083-A16D-D57A9F05E28D}.Release|x86.Build.0 = Release|Any CPU
		{6310910A-80CD-4306-A1CF-449D3F4EF7A6}.Debug|Any CPU.ActiveCfg = Debug|Any CPU
		{6310910A-80CD-4306-A1CF-449D3F4EF7A6}.Debug|Any CPU.Build.0 = Debug|Any CPU
		{6310910A-80CD-4306-A1CF-449D3F4EF7A6}.Debug|x64.ActiveCfg = Debug|Any CPU
		{6310910A-80CD-4306-A1CF-449D3F4EF7A6}.Debug|x64.Build.0 = Debug|Any CPU
		{6310910A-80CD-4306-A1CF-449D3F4EF7A6}.Debug|x86.ActiveCfg = Debug|Any CPU
		{6310910A-80CD-4306-A1CF-449D3F4EF7A6}.Debug|x86.Build.0 = Debug|Any CPU
		{6310910A-80CD-4306-A1CF-449D3F4EF7A6}.Release|Any CPU.ActiveCfg = Release|Any CPU
		{6310910A-80CD-4306-A1CF-449D3F4EF7A6}.Release|Any CPU.Build.0 = Release|Any CPU
		{6310910A-80CD-4306-A1CF-449D3F4EF7A6}.Release|x64.ActiveCfg = Release|Any CPU
		{6310910A-80CD-4306-A1CF-449D3F4EF7A6}.Release|x64.Build.0 = Release|Any CPU
		{6310910A-80CD-4306-A1CF-449D3F4EF7A6}.Release|x86.ActiveCfg = Release|Any CPU
		{6310910A-80CD-4306-A1CF-449D3F4EF7A6}.Release|x86.Build.0 = Release|Any CPU
	EndGlobalSection
	GlobalSection(SolutionProperties) = preSolution
		HideSolutionNode = FALSE
	EndGlobalSection
	GlobalSection(NestedProjects) = preSolution
		{8B002779-CF7F-4FF4-B858-B6A669D94076} = {827E0CD3-B72D-47B6-A68D-7590B98EB39B}
		{75AE2904-0E77-40F4-B065-F040191DDB57} = {827E0CD3-B72D-47B6-A68D-7590B98EB39B}
		{FA022FAA-DDDA-41EA-B28E-5BFF92C509E7} = {827E0CD3-B72D-47B6-A68D-7590B98EB39B}
		{FB681702-6AE1-4CCB-A049-F6604B781726} = {827E0CD3-B72D-47B6-A68D-7590B98EB39B}
		{6AB2B97E-5605-4A11-A95C-B865C703A215} = {827E0CD3-B72D-47B6-A68D-7590B98EB39B}
		{2D1DEDEA-0C76-4083-A16D-D57A9F05E28D} = {827E0CD3-B72D-47B6-A68D-7590B98EB39B}
		{6310910A-80CD-4306-A1CF-449D3F4EF7A6} = {827E0CD3-B72D-47B6-A68D-7590B98EB39B}
	EndGlobalSection
EndGlobal
